// !$*UTF8*$!
{
	archiveVersion = 1;
	classes = {
	};
	objectVersion = 56;
	objects = {

/* Begin PBXBuildFile section */
		5BB3567528E0E7F500BB101E /* InnoCVAPIApp.swift in Sources */ = {isa = PBXBuildFile; fileRef = 5BB3567428E0E7F500BB101E /* InnoCVAPIApp.swift */; };
		5BB3567728E0E7F500BB101E /* UsersView.swift in Sources */ = {isa = PBXBuildFile; fileRef = 5BB3567628E0E7F500BB101E /* UsersView.swift */; };
		5BB3567928E0E7F600BB101E /* Assets.xcassets in Resources */ = {isa = PBXBuildFile; fileRef = 5BB3567828E0E7F600BB101E /* Assets.xcassets */; };
		5BB3567C28E0E7F600BB101E /* Preview Assets.xcassets in Resources */ = {isa = PBXBuildFile; fileRef = 5BB3567B28E0E7F600BB101E /* Preview Assets.xcassets */; };
		5BB3568328E0E82700BB101E /* User.swift in Sources */ = {isa = PBXBuildFile; fileRef = 5BB3568228E0E82700BB101E /* User.swift */; };
		5BB3568528E0EAD100BB101E /* UsersModel.swift in Sources */ = {isa = PBXBuildFile; fileRef = 5BB3568428E0EAD100BB101E /* UsersModel.swift */; };
		5BB3568B28E0FD6900BB101E /* DetailedView.swift in Sources */ = {isa = PBXBuildFile; fileRef = 5BB3568A28E0FD6900BB101E /* DetailedView.swift */; };
		5BB3568F28E10DD200BB101E /* UserActionsModel.swift in Sources */ = {isa = PBXBuildFile; fileRef = 5BB3568E28E10DD200BB101E /* UserActionsModel.swift */; };
/* End PBXBuildFile section */

/* Begin PBXFileReference section */
		5BB3567128E0E7F500BB101E /* InnoCVAPI.app */ = {isa = PBXFileReference; explicitFileType = wrapper.application; includeInIndex = 0; path = InnoCVAPI.app; sourceTree = BUILT_PRODUCTS_DIR; };
		5BB3567428E0E7F500BB101E /* InnoCVAPIApp.swift */ = {isa = PBXFileReference; lastKnownFileType = sourcecode.swift; path = InnoCVAPIApp.swift; sourceTree = "<group>"; };
		5BB3567628E0E7F500BB101E /* UsersView.swift */ = {isa = PBXFileReference; lastKnownFileType = sourcecode.swift; path = UsersView.swift; sourceTree = "<group>"; };
		5BB3567828E0E7F600BB101E /* Assets.xcassets */ = {isa = PBXFileReference; lastKnownFileType = folder.assetcatalog; path = Assets.xcassets; sourceTree = "<group>"; };
		5BB3567B28E0E7F600BB101E /* Preview Assets.xcassets */ = {isa = PBXFileReference; lastKnownFileType = folder.assetcatalog; path = "Preview Assets.xcassets"; sourceTree = "<group>"; };
		5BB3568228E0E82700BB101E /* User.swift */ = {isa = PBXFileReference; lastKnownFileType = sourcecode.swift; path = User.swift; sourceTree = "<group>"; };
		5BB3568428E0EAD100BB101E /* UsersModel.swift */ = {isa = PBXFileReference; lastKnownFileType = sourcecode.swift; path = UsersModel.swift; sourceTree = "<group>"; };
		5BB3568A28E0FD6900BB101E /* DetailedView.swift */ = {isa = PBXFileReference; lastKnownFileType = sourcecode.swift; path = DetailedView.swift; sourceTree = "<group>"; };
		5BB3568E28E10DD200BB101E /* UserActionsModel.swift */ = {isa = PBXFileReference; lastKnownFileType = sourcecode.swift; path = UserActionsModel.swift; sourceTree = "<group>"; };
/* End PBXFileReference section */

/* Begin PBXFrameworksBuildPhase section */
		5BB3566E28E0E7F500BB101E /* Frameworks */ = {
			isa = PBXFrameworksBuildPhase;
			buildActionMask = 2147483647;
			files = (
			);
			runOnlyForDeploymentPostprocessing = 0;
		};
/* End PBXFrameworksBuildPhase section */

/* Begin PBXGroup section */
		5BB3566828E0E7F400BB101E = {
			isa = PBXGroup;
			children = (
				5BB3567328E0E7F500BB101E /* InnoCVAPI */,
				5BB3567228E0E7F500BB101E /* Products */,
			);
			sourceTree = "<group>";
		};
		5BB3567228E0E7F500BB101E /* Products */ = {
			isa = PBXGroup;
			children = (
				5BB3567128E0E7F500BB101E /* InnoCVAPI.app */,
			);
			name = Products;
			sourceTree = "<group>";
		};
		5BB3567328E0E7F500BB101E /* InnoCVAPI */ = {
			isa = PBXGroup;
			children = (
				5BB3567428E0E7F500BB101E /* InnoCVAPIApp.swift */,
				5BB3568728E0F0CE00BB101E /* ViewController */,
				5BB3568628E0F0B100BB101E /* Model */,
				5BB3567828E0E7F600BB101E /* Assets.xcassets */,
				5BB3567A28E0E7F600BB101E /* Preview Content */,
			);
			path = InnoCVAPI;
			sourceTree = "<group>";
		};
		5BB3567A28E0E7F600BB101E /* Preview Content */ = {
			isa = PBXGroup;
			children = (
				5BB3567B28E0E7F600BB101E /* Preview Assets.xcassets */,
			);
			path = "Preview Content";
			sourceTree = "<group>";
		};
		5BB3568628E0F0B100BB101E /* Model */ = {
			isa = PBXGroup;
			children = (
				5BB3568428E0EAD100BB101E /* UsersModel.swift */,
				5BB3568228E0E82700BB101E /* User.swift */,
				5BB3568E28E10DD200BB101E /* UserActionsModel.swift */,
			);
			path = Model;
			sourceTree = "<group>";
		};
		5BB3568728E0F0CE00BB101E /* ViewController */ = {
			isa = PBXGroup;
			children = (
				5BB3567628E0E7F500BB101E /* UsersView.swift */,
				5BB3568A28E0FD6900BB101E /* DetailedView.swift */,
			);
			path = ViewController;
			sourceTree = "<group>";
		};
/* End PBXGroup section */

/* Begin PBXNativeTarget section */
		5BB3567028E0E7F500BB101E /* InnoCVAPI */ = {
			isa = PBXNativeTarget;
			buildConfigurationList = 5BB3567F28E0E7F600BB101E /* Build configuration list for PBXNativeTarget "InnoCVAPI" */;
			buildPhases = (
				5BB3566D28E0E7F500BB101E /* Sources */,
				5BB3566E28E0E7F500BB101E /* Frameworks */,
				5BB3566F28E0E7F500BB101E /* Resources */,
			);
			buildRules = (
			);
			dependencies = (
			);
			name = InnoCVAPI;
			productName = InnoCVAPI;
			productReference = 5BB3567128E0E7F500BB101E /* InnoCVAPI.app */;
			productType = "com.apple.product-type.application";
		};
/* End PBXNativeTarget section */

/* Begin PBXProject section */
		5BB3566928E0E7F500BB101E /* Project object */ = {
			isa = PBXProject;
			attributes = {
				BuildIndependentTargetsInParallel = 1;
				LastSwiftUpdateCheck = 1400;
				LastUpgradeCheck = 1400;
				TargetAttributes = {
					5BB3567028E0E7F500BB101E = {
						CreatedOnToolsVersion = 14.0;
					};
				};
			};
			buildConfigurationList = 5BB3566C28E0E7F500BB101E /* Build configuration list for PBXProject "InnoCVAPI" */;
			compatibilityVersion = "Xcode 14.0";
			developmentRegion = en;
			hasScannedForEncodings = 0;
			knownRegions = (
				en,
				Base,
			);
			mainGroup = 5BB3566828E0E7F400BB101E;
			productRefGroup = 5BB3567228E0E7F500BB101E /* Products */;
			projectDirPath = "";
			projectRoot = "";
			targets = (
				5BB3567028E0E7F500BB101E /* InnoCVAPI */,
			);
		};
/* End PBXProject section */

/* Begin PBXResourcesBuildPhase section */
		5BB3566F28E0E7F500BB101E /* Resources */ = {
			isa = PBXResourcesBuildPhase;
			buildActionMask = 2147483647;
			files = (
				5BB3567C28E0E7F600BB101E /* Preview Assets.xcassets in Resources */,
				5BB3567928E0E7F600BB101E /* Assets.xcassets in Resources */,
			);
			runOnlyForDeploymentPostprocessing = 0;
		};
/* End PBXResourcesBuildPhase section */

/* Begin PBXSourcesBuildPhase section */
		5BB3566D28E0E7F500BB101E /* Sources */ = {
			isa = PBXSourcesBuildPhase;
			buildActionMask = 2147483647;
			files = (
				5BB3568F28E10DD200BB101E /* UserActionsModel.swift in Sources */,
				5BB3568528E0EAD100BB101E /* UsersModel.swift in Sources */,
				5BB3567728E0E7F500BB101E /* UsersView.swift in Sources */,
				5BB3568B28E0FD6900BB101E /* DetailedView.swift in Sources */,
				5BB3568328E0E82700BB101E /* User.swift in Sources */,
				5BB3567528E0E7F500BB101E /* InnoCVAPIApp.swift in Sources */,
			);
			runOnlyForDeploymentPostprocessing = 0;
		};
/* End PBXSourcesBuildPhase section */

/* Begin XCBuildConfiguration section */
		5BB3567D28E0E7F600BB101E /* Debug */ = {
			isa = XCBuildConfiguration;
			buildSettings = {
				ALWAYS_SEARCH_USER_PATHS = NO;
				CLANG_ANALYZER_NONNULL = YES;
				CLANG_ANALYZER_NUMBER_OBJECT_CONVERSION = YES_AGGRESSIVE;
				CLANG_CXX_LANGUAGE_STANDARD = "gnu++20";
				CLANG_ENABLE_MODULES = YES;
				CLANG_ENABLE_OBJC_ARC = YES;
				CLANG_ENABLE_OBJC_WEAK = YES;
				CLANG_WARN_BLOCK_CAPTURE_AUTORELEASING = YES;
				CLANG_WARN_BOOL_CONVERSION = YES;
				CLANG_WARN_COMMA = YES;
				CLANG_WARN_CONSTANT_CONVERSION = YES;
				CLANG_WARN_DEPRECATED_OBJC_IMPLEMENTATIONS = YES;
				CLANG_WARN_DIRECT_OBJC_ISA_USAGE = YES_ERROR;
				CLANG_WARN_DOCUMENTATION_COMMENTS = YES;
				CLANG_WARN_EMPTY_BODY = YES;
				CLANG_WARN_ENUM_CONVERSION = YES;
				CLANG_WARN_INFINITE_RECURSION = YES;
				CLANG_WARN_INT_CONVERSION = YES;
				CLANG_WARN_NON_LITERAL_NULL_CONVERSION = YES;
				CLANG_WARN_OBJC_IMPLICIT_RETAIN_SELF = YES;
				CLANG_WARN_OBJC_LITERAL_CONVERSION = YES;
				CLANG_WARN_OBJC_ROOT_CLASS = YES_ERROR;
				CLANG_WARN_QUOTED_INCLUDE_IN_FRAMEWORK_HEADER = YES;
				CLANG_WARN_RANGE_LOOP_ANALYSIS = YES;
				CLANG_WARN_STRICT_PROTOTYPES = YES;
				CLANG_WARN_SUSPICIOUS_MOVE = YES;
				CLANG_WARN_UNGUARDED_AVAILABILITY = YES_AGGRESSIVE;
				CLANG_WARN_UNREACHABLE_CODE = YES;
				CLANG_WARN__DUPLICATE_METHOD_MATCH = YES;
				COPY_PHASE_STRIP = NO;
				DEBUG_INFORMATION_FORMAT = dwarf;
				ENABLE_STRICT_OBJC_MSGSEND = YES;
				ENABLE_TESTABILITY = YES;
				GCC_C_LANGUAGE_STANDARD = gnu11;
				GCC_DYNAMIC_NO_PIC = NO;
				GCC_NO_COMMON_BLOCKS = YES;
				GCC_OPTIMIZATION_LEVEL = 0;
				GCC_PREPROCESSOR_DEFINITIONS = (
					"DEBUG=1",
					"$(inherited)",
				);
				GCC_WARN_64_TO_32_BIT_CONVERSION = YES;
				GCC_WARN_ABOUT_RETURN_TYPE = YES_ERROR;
				GCC_WARN_UNDECLARED_SELECTOR = YES;
				GCC_WARN_UNINITIALIZED_AUTOS = YES_AGGRESSIVE;
				GCC_WARN_UNUSED_FUNCTION = YES;
				GCC_WARN_UNUSED_VARIABLE = YES;
				IPHONEOS_DEPLOYMENT_TARGET = 16.0;
				MTL_ENABLE_DEBUG_INFO = INCLUDE_SOURCE;
				MTL_FAST_MATH = YES;
				ONLY_ACTIVE_ARCH = YES;
				SDKROOT = iphoneos;
				SWIFT_ACTIVE_COMPILATION_CONDITIONS = DEBUG;
				SWIFT_OPTIMIZATION_LEVEL = "-Onone";
			};
			name = Debug;
		};
		5BB3567E28E0E7F600BB101E /* Release */ = {
			isa = XCBuildConfiguration;
			buildSettings = {
				ALWAYS_SEARCH_USER_PATHS = NO;
				CLANG_ANALYZER_NONNULL = YES;
				CLANG_ANALYZER_NUMBER_OBJECT_CONVERSION = YES_AGGRESSIVE;
				CLANG_CXX_LANGUAGE_STANDARD = "gnu++20";
				CLANG_ENABLE_MODULES = YES;
				CLANG_ENABLE_OBJC_ARC = YES;
				CLANG_ENABLE_OBJC_WEAK = YES;
				CLANG_WARN_BLOCK_CAPTURE_AUTORELEASING = YES;
				CLANG_WARN_BOOL_CONVERSION = YES;
				CLANG_WARN_COMMA = YES;
				CLANG_WARN_CONSTANT_CONVERSION = YES;
				CLANG_WARN_DEPRECATED_OBJC_IMPLEMENTATIONS = YES;
				CLANG_WARN_DIRECT_OBJC_ISA_USAGE = YES_ERROR;
				CLANG_WARN_DOCUMENTATION_COMMENTS = YES;
				CLANG_WARN_EMPTY_BODY = YES;
				CLANG_WARN_ENUM_CONVERSION = YES;
				CLANG_WARN_INFINITE_RECURSION = YES;
				CLANG_WARN_INT_CONVERSION = YES;
				CLANG_WARN_NON_LITERAL_NULL_CONVERSION = YES;
				CLANG_WARN_OBJC_IMPLICIT_RETAIN_SELF = YES;
				CLANG_WARN_OBJC_LITERAL_CONVERSION = YES;
				CLANG_WARN_OBJC_ROOT_CLASS = YES_ERROR;
				CLANG_WARN_QUOTED_INCLUDE_IN_FRAMEWORK_HEADER = YES;
				CLANG_WARN_RANGE_LOOP_ANALYSIS = YES;
				CLANG_WARN_STRICT_PROTOTYPES = YES;
				CLANG_WARN_SUSPICIOUS_MOVE = YES;
				CLANG_WARN_UNGUARDED_AVAILABILITY = YES_AGGRESSIVE;
				CLANG_WARN_UNREACHABLE_CODE = YES;
				CLANG_WARN__DUPLICATE_METHOD_MATCH = YES;
				COPY_PHASE_STRIP = NO;
				DEBUG_INFORMATION_FORMAT = "dwarf-with-dsym";
				ENABLE_NS_ASSERTIONS = NO;
				ENABLE_STRICT_OBJC_MSGSEND = YES;
				GCC_C_LANGUAGE_STANDARD = gnu11;
				GCC_NO_COMMON_BLOCKS = YES;
				GCC_WARN_64_TO_32_BIT_CONVERSION = YES;
				GCC_WARN_ABOUT_RETURN_TYPE = YES_ERROR;
				GCC_WARN_UNDECLARED_SELECTOR = YES;
				GCC_WARN_UNINITIALIZED_AUTOS = YES_AGGRESSIVE;
				GCC_WARN_UNUSED_FUNCTION = YES;
				GCC_WARN_UNUSED_VARIABLE = YES;
				IPHONEOS_DEPLOYMENT_TARGET = 16.0;
				MTL_ENABLE_DEBUG_INFO = NO;
				MTL_FAST_MATH = YES;
				SDKROOT = iphoneos;
				SWIFT_COMPILATION_MODE = wholemodule;
				SWIFT_OPTIMIZATION_LEVEL = "-O";
				VALIDATE_PRODUCT = YES;
			};
			name = Release;
		};
		5BB3568028E0E7F600BB101E /* Debug */ = {
			isa = XCBuildConfiguration;
			buildSettings = {
				ASSETCATALOG_COMPILER_APPICON_NAME = AppIcon;
				ASSETCATALOG_COMPILER_GLOBAL_ACCENT_COLOR_NAME = AccentColor;
				CODE_SIGN_STYLE = Automatic;
				CURRENT_PROJECT_VERSION = 1;
				DEVELOPMENT_ASSET_PATHS = "\"InnoCVAPI/Preview Content\"";
				DEVELOPMENT_TEAM = Y22585Y2W7;
				ENABLE_PREVIEWS = YES;
				GENERATE_INFOPLIST_FILE = YES;
				INFOPLIST_KEY_UIApplicationSceneManifest_Generation = YES;
				INFOPLIST_KEY_UIApplicationSupportsIndirectInputEvents = YES;
				INFOPLIST_KEY_UILaunchScreen_Generation = YES;
				INFOPLIST_KEY_UISupportedInterfaceOrientations_iPad = "UIInterfaceOrientationPortrait UIInterfaceOrientationPortraitUpsideDown UIInterfaceOrientationLandscapeLeft UIInterfaceOrientationLandscapeRight";
				INFOPLIST_KEY_UISupportedInterfaceOrientations_iPhone = "UIInterfaceOrientationPortrait UIInterfaceOrientationLandscapeLeft UIInterfaceOrientationLandscapeRight";
				LD_RUNPATH_SEARCH_PATHS = (
					"$(inherited)",
					"@executable_path/Frameworks",
				);
				MARKETING_VERSION = 1.0;
				PRODUCT_BUNDLE_IDENTIFIER = com.martindev.InnoCVAPI;
				PRODUCT_NAME = "$(TARGET_NAME)";
				SWIFT_EMIT_LOC_STRINGS = YES;
				SWIFT_VERSION = 5.0;
				TARGETED_DEVICE_FAMILY = "1,2";
			};
			name = Debug;
		};
		5BB3568128E0E7F600BB101E /* Release */ = {
			isa = XCBuildConfiguration;
			buildSettings = {
				ASSETCATALOG_COMPILER_APPICON_NAME = AppIcon;
				ASSETCATALOG_COMPILER_GLOBAL_ACCENT_COLOR_NAME = AccentColor;
				CODE_SIGN_STYLE = Automatic;
				CURRENT_PROJECT_VERSION = 1;
				DEVELOPMENT_ASSET_PATHS = "\"InnoCVAPI/Preview Content\"";
				DEVELOPMENT_TEAM = Y22585Y2W7;
				ENABLE_PREVIEWS = YES;
				GENERATE_INFOPLIST_FILE = YES;
				INFOPLIST_KEY_UIApplicationSceneManifest_Generation = YES;
				INFOPLIST_KEY_UIApplicationSupportsIndirectInputEvents = YES;
				INFOPLIST_KEY_UILaunchScreen_Generation = YES;
				INFOPLIST_KEY_UISupportedInterfaceOrientations_iPad = "UIInterfaceOrientationPortrait UIInterfaceOrientationPortraitUpsideDown UIInterfaceOrientationLandscapeLeft UIInterfaceOrientationLandscapeRight";
				INFOPLIST_KEY_UISupportedInterfaceOrientations_iPhone = "UIInterfaceOrientationPortrait UIInterfaceOrientationLandscapeLeft UIInterfaceOrientationLandscapeRight";
				LD_RUNPATH_SEARCH_PATHS = (
					"$(inherited)",
					"@executable_path/Frameworks",
				);
				MARKETING_VERSION = 1.0;
				PRODUCT_BUNDLE_IDENTIFIER = com.martindev.InnoCVAPI;
				PRODUCT_NAME = "$(TARGET_NAME)";
				SWIFT_EMIT_LOC_STRINGS = YES;
				SWIFT_VERSION = 5.0;
				TARGETED_DEVICE_FAMILY = "1,2";
			};
			name = Release;
		};
/* End XCBuildConfiguration section */

/* Begin XCConfigurationList section */
		5BB3566C28E0E7F500BB101E /* Build configuration list for PBXProject "InnoCVAPI" */ = {
			isa = XCConfigurationList;
			buildConfigurations = (
				5BB3567D28E0E7F600BB101E /* Debug */,
				5BB3567E28E0E7F600BB101E /* Release */,
			);
			defaultConfigurationIsVisible = 0;
			defaultConfigurationName = Release;
		};
		5BB3567F28E0E7F600BB101E /* Build configuration list for PBXNativeTarget "InnoCVAPI" */ = {
			isa = XCConfigurationList;
			buildConfigurations = (
				5BB3568028E0E7F600BB101E /* Debug */,
				5BB3568128E0E7F600BB101E /* Release */,
			);
			defaultConfigurationIsVisible = 0;
			defaultConfigurationName = Release;
		};
/* End XCConfigurationList section */
	};
	rootObject = 5BB3566928E0E7F500BB101E /* Project object */;
}
